// !$*UTF8*$!
{
	archiveVersion = 1;
	classes = {
	};
	objectVersion = 56;
	objects = {

/* Begin PBXBuildFile section */
		8DDFFAAB2BCD36A40065BD96 /* PrashantAdvaitApp.swift in Sources */ = {isa = PBXBuildFile; fileRef = 8DDFFAAA2BCD36A40065BD96 /* PrashantAdvaitApp.swift */; };
		8DDFFAAD2BCD36A40065BD96 /* Dashboard.swift in Sources */ = {isa = PBXBuildFile; fileRef = 8DDFFAAC2BCD36A40065BD96 /* Dashboard.swift */; };
		8DDFFAAF2BCD36A60065BD96 /* Assets.xcassets in Resources */ = {isa = PBXBuildFile; fileRef = 8DDFFAAE2BCD36A60065BD96 /* Assets.xcassets */; };
		8DDFFAB22BCD36A60065BD96 /* Preview Assets.xcassets in Resources */ = {isa = PBXBuildFile; fileRef = 8DDFFAB12BCD36A60065BD96 /* Preview Assets.xcassets */; };
		8DDFFABC2BCD39C50065BD96 /* MockData.swift in Sources */ = {isa = PBXBuildFile; fileRef = 8DDFFABB2BCD39C50065BD96 /* MockData.swift */; };
		8DDFFABE2BCD3A090065BD96 /* GridModel.swift in Sources */ = {isa = PBXBuildFile; fileRef = 8DDFFABD2BCD3A090065BD96 /* GridModel.swift */; };
		8DDFFAC32BCD40370065BD96 /* BackGround.swift in Sources */ = {isa = PBXBuildFile; fileRef = 8DDFFAC22BCD40370065BD96 /* BackGround.swift */; };
		8DDFFAC52BCD45DF0065BD96 /* ButtonStyle1.swift in Sources */ = {isa = PBXBuildFile; fileRef = 8DDFFAC42BCD45DF0065BD96 /* ButtonStyle1.swift */; };
		8DDFFAC72BCD4E0E0065BD96 /* DisplayGridVC.swift in Sources */ = {isa = PBXBuildFile; fileRef = 8DDFFAC62BCD4E0E0065BD96 /* DisplayGridVC.swift */; };
		8DDFFAC92BCD4E2D0065BD96 /* DisplayGridViewModel.swift in Sources */ = {isa = PBXBuildFile; fileRef = 8DDFFAC82BCD4E2D0065BD96 /* DisplayGridViewModel.swift */; };
		8DDFFACC2BCD50040065BD96 /* BookCell.swift in Sources */ = {isa = PBXBuildFile; fileRef = 8DDFFACB2BCD50040065BD96 /* BookCell.swift */; };
		8DDFFACE2BCD50F50065BD96 /* DisplayGridAPI.swift in Sources */ = {isa = PBXBuildFile; fileRef = 8DDFFACD2BCD50F50065BD96 /* DisplayGridAPI.swift */; };
		8DDFFAD12BCD51740065BD96 /* ImageLoader.swift in Sources */ = {isa = PBXBuildFile; fileRef = 8DDFFAD02BCD51740065BD96 /* ImageLoader.swift */; };
		8DDFFAD42BCD55FA0065BD96 /* Constants.swift in Sources */ = {isa = PBXBuildFile; fileRef = 8DDFFAD32BCD55FA0065BD96 /* Constants.swift */; };
/* End PBXBuildFile section */

/* Begin PBXFileReference section */
		8DDFFAA72BCD36A40065BD96 /* PrashantAdvait.app */ = {isa = PBXFileReference; explicitFileType = wrapper.application; includeInIndex = 0; path = PrashantAdvait.app; sourceTree = BUILT_PRODUCTS_DIR; };
		8DDFFAAA2BCD36A40065BD96 /* PrashantAdvaitApp.swift */ = {isa = PBXFileReference; lastKnownFileType = sourcecode.swift; path = PrashantAdvaitApp.swift; sourceTree = "<group>"; };
		8DDFFAAC2BCD36A40065BD96 /* Dashboard.swift */ = {isa = PBXFileReference; lastKnownFileType = sourcecode.swift; path = Dashboard.swift; sourceTree = "<group>"; };
		8DDFFAAE2BCD36A60065BD96 /* Assets.xcassets */ = {isa = PBXFileReference; lastKnownFileType = folder.assetcatalog; path = Assets.xcassets; sourceTree = "<group>"; };
		8DDFFAB12BCD36A60065BD96 /* Preview Assets.xcassets */ = {isa = PBXFileReference; lastKnownFileType = folder.assetcatalog; path = "Preview Assets.xcassets"; sourceTree = "<group>"; };
		8DDFFABB2BCD39C50065BD96 /* MockData.swift */ = {isa = PBXFileReference; lastKnownFileType = sourcecode.swift; path = MockData.swift; sourceTree = "<group>"; };
		8DDFFABD2BCD3A090065BD96 /* GridModel.swift */ = {isa = PBXFileReference; lastKnownFileType = sourcecode.swift; path = GridModel.swift; sourceTree = "<group>"; };
		8DDFFAC22BCD40370065BD96 /* BackGround.swift */ = {isa = PBXFileReference; lastKnownFileType = sourcecode.swift; path = BackGround.swift; sourceTree = "<group>"; };
		8DDFFAC42BCD45DF0065BD96 /* ButtonStyle1.swift */ = {isa = PBXFileReference; lastKnownFileType = sourcecode.swift; path = ButtonStyle1.swift; sourceTree = "<group>"; };
		8DDFFAC62BCD4E0E0065BD96 /* DisplayGridVC.swift */ = {isa = PBXFileReference; lastKnownFileType = sourcecode.swift; path = DisplayGridVC.swift; sourceTree = "<group>"; };
		8DDFFAC82BCD4E2D0065BD96 /* DisplayGridViewModel.swift */ = {isa = PBXFileReference; lastKnownFileType = sourcecode.swift; path = DisplayGridViewModel.swift; sourceTree = "<group>"; };
		8DDFFACB2BCD50040065BD96 /* BookCell.swift */ = {isa = PBXFileReference; lastKnownFileType = sourcecode.swift; path = BookCell.swift; sourceTree = "<group>"; };
		8DDFFACD2BCD50F50065BD96 /* DisplayGridAPI.swift */ = {isa = PBXFileReference; lastKnownFileType = sourcecode.swift; path = DisplayGridAPI.swift; sourceTree = "<group>"; };
		8DDFFAD02BCD51740065BD96 /* ImageLoader.swift */ = {isa = PBXFileReference; lastKnownFileType = sourcecode.swift; path = ImageLoader.swift; sourceTree = "<group>"; };
		8DDFFAD32BCD55FA0065BD96 /* Constants.swift */ = {isa = PBXFileReference; lastKnownFileType = sourcecode.swift; path = Constants.swift; sourceTree = "<group>"; };
/* End PBXFileReference section */

/* Begin PBXFrameworksBuildPhase section */
		8DDFFAA42BCD36A40065BD96 /* Frameworks */ = {
			isa = PBXFrameworksBuildPhase;
			buildActionMask = 2147483647;
			files = (
			);
			runOnlyForDeploymentPostprocessing = 0;
		};
/* End PBXFrameworksBuildPhase section */

/* Begin PBXGroup section */
		8DDFFA9E2BCD36A40065BD96 = {
			isa = PBXGroup;
			children = (
				8DDFFAA92BCD36A40065BD96 /* PrashantAdvait */,
				8DDFFAA82BCD36A40065BD96 /* Products */,
			);
			sourceTree = "<group>";
		};
		8DDFFAA82BCD36A40065BD96 /* Products */ = {
			isa = PBXGroup;
			children = (
				8DDFFAA72BCD36A40065BD96 /* PrashantAdvait.app */,
			);
			name = Products;
			sourceTree = "<group>";
		};
		8DDFFAA92BCD36A40065BD96 /* PrashantAdvait */ = {
			isa = PBXGroup;
			children = (
				8DDFFAD22BCD55EF0065BD96 /* Constants */,
				8DDFFACF2BCD51590065BD96 /* UiKitComponents */,
				8DDFFAB92BCD394F0065BD96 /* Model */,
				8DDFFAB82BCD39450065BD96 /* MockData */,
				8DDFFAAA2BCD36A40065BD96 /* PrashantAdvaitApp.swift */,
				8DDFFAAC2BCD36A40065BD96 /* Dashboard.swift */,
				8DDFFABF2BCD40020065BD96 /* Views */,
				8DDFFABA2BCD39610065BD96 /* ViewControllers */,
				8DDFFAAE2BCD36A60065BD96 /* Assets.xcassets */,
				8DDFFAB02BCD36A60065BD96 /* Preview Content */,
			);
			path = PrashantAdvait;
			sourceTree = "<group>";
		};
		8DDFFAB02BCD36A60065BD96 /* Preview Content */ = {
			isa = PBXGroup;
			children = (
				8DDFFAB12BCD36A60065BD96 /* Preview Assets.xcassets */,
			);
			path = "Preview Content";
			sourceTree = "<group>";
		};
		8DDFFAB82BCD39450065BD96 /* MockData */ = {
			isa = PBXGroup;
			children = (
				8DDFFABB2BCD39C50065BD96 /* MockData.swift */,
			);
			path = MockData;
			sourceTree = "<group>";
		};
		8DDFFAB92BCD394F0065BD96 /* Model */ = {
			isa = PBXGroup;
			children = (
				8DDFFABD2BCD3A090065BD96 /* GridModel.swift */,
			);
			path = Model;
			sourceTree = "<group>";
		};
		8DDFFABA2BCD39610065BD96 /* ViewControllers */ = {
			isa = PBXGroup;
			children = (
				8DDFFAC82BCD4E2D0065BD96 /* DisplayGridViewModel.swift */,
				8DDFFACD2BCD50F50065BD96 /* DisplayGridAPI.swift */,
				8DDFFAC62BCD4E0E0065BD96 /* DisplayGridVC.swift */,
				8DDFFACA2BCD4F650065BD96 /* GridCells */,
			);
			path = ViewControllers;
			sourceTree = "<group>";
		};
		8DDFFABF2BCD40020065BD96 /* Views */ = {
			isa = PBXGroup;
			children = (
				8DDFFAC22BCD40370065BD96 /* BackGround.swift */,
				8DDFFAC42BCD45DF0065BD96 /* ButtonStyle1.swift */,
			);
			path = Views;
			sourceTree = "<group>";
		};
		8DDFFACA2BCD4F650065BD96 /* GridCells */ = {
			isa = PBXGroup;
			children = (
				8DDFFACB2BCD50040065BD96 /* BookCell.swift */,
			);
			path = GridCells;
			sourceTree = "<group>";
		};
		8DDFFACF2BCD51590065BD96 /* UiKitComponents */ = {
			isa = PBXGroup;
			children = (
				8DDFFAD02BCD51740065BD96 /* ImageLoader.swift */,
			);
			path = UiKitComponents;
			sourceTree = "<group>";
		};
		8DDFFAD22BCD55EF0065BD96 /* Constants */ = {
			isa = PBXGroup;
			children = (
				8DDFFAD32BCD55FA0065BD96 /* Constants.swift */,
			);
			path = Constants;
			sourceTree = "<group>";
		};
/* End PBXGroup section */

/* Begin PBXNativeTarget section */
		8DDFFAA62BCD36A40065BD96 /* PrashantAdvait */ = {
			isa = PBXNativeTarget;
			buildConfigurationList = 8DDFFAB52BCD36A60065BD96 /* Build configuration list for PBXNativeTarget "PrashantAdvait" */;
			buildPhases = (
				8DDFFAA32BCD36A40065BD96 /* Sources */,
				8DDFFAA42BCD36A40065BD96 /* Frameworks */,
				8DDFFAA52BCD36A40065BD96 /* Resources */,
			);
			buildRules = (
			);
			dependencies = (
			);
			name = PrashantAdvait;
			productName = PrashantAdvait;
			productReference = 8DDFFAA72BCD36A40065BD96 /* PrashantAdvait.app */;
			productType = "com.apple.product-type.application";
		};
/* End PBXNativeTarget section */

/* Begin PBXProject section */
		8DDFFA9F2BCD36A40065BD96 /* Project object */ = {
			isa = PBXProject;
			attributes = {
				BuildIndependentTargetsInParallel = 1;
				LastSwiftUpdateCheck = 1520;
				LastUpgradeCheck = 1520;
				TargetAttributes = {
					8DDFFAA62BCD36A40065BD96 = {
						CreatedOnToolsVersion = 15.2;
					};
				};
			};
			buildConfigurationList = 8DDFFAA22BCD36A40065BD96 /* Build configuration list for PBXProject "PrashantAdvait" */;
			compatibilityVersion = "Xcode 14.0";
			developmentRegion = en;
			hasScannedForEncodings = 0;
			knownRegions = (
				en,
				Base,
			);
			mainGroup = 8DDFFA9E2BCD36A40065BD96;
			productRefGroup = 8DDFFAA82BCD36A40065BD96 /* Products */;
			projectDirPath = "";
			projectRoot = "";
			targets = (
				8DDFFAA62BCD36A40065BD96 /* PrashantAdvait */,
			);
		};
/* End PBXProject section */

/* Begin PBXResourcesBuildPhase section */
		8DDFFAA52BCD36A40065BD96 /* Resources */ = {
			isa = PBXResourcesBuildPhase;
			buildActionMask = 2147483647;
			files = (
				8DDFFAB22BCD36A60065BD96 /* Preview Assets.xcassets in Resources */,
				8DDFFAAF2BCD36A60065BD96 /* Assets.xcassets in Resources */,
			);
			runOnlyForDeploymentPostprocessing = 0;
		};
/* End PBXResourcesBuildPhase section */

/* Begin PBXSourcesBuildPhase section */
		8DDFFAA32BCD36A40065BD96 /* Sources */ = {
			isa = PBXSourcesBuildPhase;
			buildActionMask = 2147483647;
			files = (
				8DDFFACC2BCD50040065BD96 /* BookCell.swift in Sources */,
				8DDFFACE2BCD50F50065BD96 /* DisplayGridAPI.swift in Sources */,
				8DDFFAAD2BCD36A40065BD96 /* Dashboard.swift in Sources */,
				8DDFFAC72BCD4E0E0065BD96 /* DisplayGridVC.swift in Sources */,
				8DDFFAC32BCD40370065BD96 /* BackGround.swift in Sources */,
				8DDFFAD12BCD51740065BD96 /* ImageLoader.swift in Sources */,
				8DDFFABE2BCD3A090065BD96 /* GridModel.swift in Sources */,
				8DDFFAAB2BCD36A40065BD96 /* PrashantAdvaitApp.swift in Sources */,
				8DDFFAC92BCD4E2D0065BD96 /* DisplayGridViewModel.swift in Sources */,
				8DDFFABC2BCD39C50065BD96 /* MockData.swift in Sources */,
				8DDFFAC52BCD45DF0065BD96 /* ButtonStyle1.swift in Sources */,
				8DDFFAD42BCD55FA0065BD96 /* Constants.swift in Sources */,
			);
			runOnlyForDeploymentPostprocessing = 0;
		};
/* End PBXSourcesBuildPhase section */

/* Begin XCBuildConfiguration section */
		8DDFFAB32BCD36A60065BD96 /* Debug */ = {
			isa = XCBuildConfiguration;
			buildSettings = {
				ALWAYS_SEARCH_USER_PATHS = NO;
				ASSETCATALOG_COMPILER_GENERATE_SWIFT_ASSET_SYMBOL_EXTENSIONS = YES;
				CLANG_ANALYZER_NONNULL = YES;
				CLANG_ANALYZER_NUMBER_OBJECT_CONVERSION = YES_AGGRESSIVE;
				CLANG_CXX_LANGUAGE_STANDARD = "gnu++20";
				CLANG_ENABLE_MODULES = YES;
				CLANG_ENABLE_OBJC_ARC = YES;
				CLANG_ENABLE_OBJC_WEAK = YES;
				CLANG_WARN_BLOCK_CAPTURE_AUTORELEASING = YES;
				CLANG_WARN_BOOL_CONVERSION = YES;
				CLANG_WARN_COMMA = YES;
				CLANG_WARN_CONSTANT_CONVERSION = YES;
				CLANG_WARN_DEPRECATED_OBJC_IMPLEMENTATIONS = YES;
				CLANG_WARN_DIRECT_OBJC_ISA_USAGE = YES_ERROR;
				CLANG_WARN_DOCUMENTATION_COMMENTS = YES;
				CLANG_WARN_EMPTY_BODY = YES;
				CLANG_WARN_ENUM_CONVERSION = YES;
				CLANG_WARN_INFINITE_RECURSION = YES;
				CLANG_WARN_INT_CONVERSION = YES;
				CLANG_WARN_NON_LITERAL_NULL_CONVERSION = YES;
				CLANG_WARN_OBJC_IMPLICIT_RETAIN_SELF = YES;
				CLANG_WARN_OBJC_LITERAL_CONVERSION = YES;
				CLANG_WARN_OBJC_ROOT_CLASS = YES_ERROR;
				CLANG_WARN_QUOTED_INCLUDE_IN_FRAMEWORK_HEADER = YES;
				CLANG_WARN_RANGE_LOOP_ANALYSIS = YES;
				CLANG_WARN_STRICT_PROTOTYPES = YES;
				CLANG_WARN_SUSPICIOUS_MOVE = YES;
				CLANG_WARN_UNGUARDED_AVAILABILITY = YES_AGGRESSIVE;
				CLANG_WARN_UNREACHABLE_CODE = YES;
				CLANG_WARN__DUPLICATE_METHOD_MATCH = YES;
				COPY_PHASE_STRIP = NO;
				DEBUG_INFORMATION_FORMAT = dwarf;
				ENABLE_STRICT_OBJC_MSGSEND = YES;
				ENABLE_TESTABILITY = YES;
				ENABLE_USER_SCRIPT_SANDBOXING = YES;
				GCC_C_LANGUAGE_STANDARD = gnu17;
				GCC_DYNAMIC_NO_PIC = NO;
				GCC_NO_COMMON_BLOCKS = YES;
				GCC_OPTIMIZATION_LEVEL = 0;
				GCC_PREPROCESSOR_DEFINITIONS = (
					"DEBUG=1",
					"$(inherited)",
				);
				GCC_WARN_64_TO_32_BIT_CONVERSION = YES;
				GCC_WARN_ABOUT_RETURN_TYPE = YES_ERROR;
				GCC_WARN_UNDECLARED_SELECTOR = YES;
				GCC_WARN_UNINITIALIZED_AUTOS = YES_AGGRESSIVE;
				GCC_WARN_UNUSED_FUNCTION = YES;
				GCC_WARN_UNUSED_VARIABLE = YES;
				IPHONEOS_DEPLOYMENT_TARGET = 17.2;
				LOCALIZATION_PREFERS_STRING_CATALOGS = YES;
				MTL_ENABLE_DEBUG_INFO = INCLUDE_SOURCE;
				MTL_FAST_MATH = YES;
				ONLY_ACTIVE_ARCH = YES;
				SDKROOT = iphoneos;
				SWIFT_ACTIVE_COMPILATION_CONDITIONS = "DEBUG $(inherited)";
				SWIFT_OPTIMIZATION_LEVEL = "-Onone";
			};
			name = Debug;
		};
		8DDFFAB42BCD36A60065BD96 /* Release */ = {
			isa = XCBuildConfiguration;
			buildSettings = {
				ALWAYS_SEARCH_USER_PATHS = NO;
				ASSETCATALOG_COMPILER_GENERATE_SWIFT_ASSET_SYMBOL_EXTENSIONS = YES;
				CLANG_ANALYZER_NONNULL = YES;
				CLANG_ANALYZER_NUMBER_OBJECT_CONVERSION = YES_AGGRESSIVE;
				CLANG_CXX_LANGUAGE_STANDARD = "gnu++20";
				CLANG_ENABLE_MODULES = YES;
				CLANG_ENABLE_OBJC_ARC = YES;
				CLANG_ENABLE_OBJC_WEAK = YES;
				CLANG_WARN_BLOCK_CAPTURE_AUTORELEASING = YES;
				CLANG_WARN_BOOL_CONVERSION = YES;
				CLANG_WARN_COMMA = YES;
				CLANG_WARN_CONSTANT_CONVERSION = YES;
				CLANG_WARN_DEPRECATED_OBJC_IMPLEMENTATIONS = YES;
				CLANG_WARN_DIRECT_OBJC_ISA_USAGE = YES_ERROR;
				CLANG_WARN_DOCUMENTATION_COMMENTS = YES;
				CLANG_WARN_EMPTY_BODY = YES;
				CLANG_WARN_ENUM_CONVERSION = YES;
				CLANG_WARN_INFINITE_RECURSION = YES;
				CLANG_WARN_INT_CONVERSION = YES;
				CLANG_WARN_NON_LITERAL_NULL_CONVERSION = YES;
				CLANG_WARN_OBJC_IMPLICIT_RETAIN_SELF = YES;
				CLANG_WARN_OBJC_LITERAL_CONVERSION = YES;
				CLANG_WARN_OBJC_ROOT_CLASS = YES_ERROR;
				CLANG_WARN_QUOTED_INCLUDE_IN_FRAMEWORK_HEADER = YES;
				CLANG_WARN_RANGE_LOOP_ANALYSIS = YES;
				CLANG_WARN_STRICT_PROTOTYPES = YES;
				CLANG_WARN_SUSPICIOUS_MOVE = YES;
				CLANG_WARN_UNGUARDED_AVAILABILITY = YES_AGGRESSIVE;
				CLANG_WARN_UNREACHABLE_CODE = YES;
				CLANG_WARN__DUPLICATE_METHOD_MATCH = YES;
				COPY_PHASE_STRIP = NO;
				DEBUG_INFORMATION_FORMAT = "dwarf-with-dsym";
				ENABLE_NS_ASSERTIONS = NO;
				ENABLE_STRICT_OBJC_MSGSEND = YES;
				ENABLE_USER_SCRIPT_SANDBOXING = YES;
				GCC_C_LANGUAGE_STANDARD = gnu17;
				GCC_NO_COMMON_BLOCKS = YES;
				GCC_WARN_64_TO_32_BIT_CONVERSION = YES;
				GCC_WARN_ABOUT_RETURN_TYPE = YES_ERROR;
				GCC_WARN_UNDECLARED_SELECTOR = YES;
				GCC_WARN_UNINITIALIZED_AUTOS = YES_AGGRESSIVE;
				GCC_WARN_UNUSED_FUNCTION = YES;
				GCC_WARN_UNUSED_VARIABLE = YES;
				IPHONEOS_DEPLOYMENT_TARGET = 17.2;
				LOCALIZATION_PREFERS_STRING_CATALOGS = YES;
				MTL_ENABLE_DEBUG_INFO = NO;
				MTL_FAST_MATH = YES;
				SDKROOT = iphoneos;
				SWIFT_COMPILATION_MODE = wholemodule;
				VALIDATE_PRODUCT = YES;
			};
			name = Release;
		};
		8DDFFAB62BCD36A60065BD96 /* Debug */ = {
			isa = XCBuildConfiguration;
			buildSettings = {
				ASSETCATALOG_COMPILER_APPICON_NAME = AppIcon;
				ASSETCATALOG_COMPILER_GLOBAL_ACCENT_COLOR_NAME = AccentColor;
				CODE_SIGN_STYLE = Automatic;
				CURRENT_PROJECT_VERSION = 1;
				DEVELOPMENT_ASSET_PATHS = "\"PrashantAdvait/Preview Content\"";
				DEVELOPMENT_TEAM = R6G7L23BRG;
				ENABLE_PREVIEWS = YES;
				GENERATE_INFOPLIST_FILE = YES;
				INFOPLIST_KEY_UIApplicationSceneManifest_Generation = YES;
				INFOPLIST_KEY_UIApplicationSupportsIndirectInputEvents = YES;
				INFOPLIST_KEY_UILaunchScreen_Generation = YES;
				INFOPLIST_KEY_UISupportedInterfaceOrientations_iPad = "UIInterfaceOrientationPortrait UIInterfaceOrientationPortraitUpsideDown UIInterfaceOrientationLandscapeLeft UIInterfaceOrientationLandscapeRight";
				INFOPLIST_KEY_UISupportedInterfaceOrientations_iPhone = "UIInterfaceOrientationPortrait UIInterfaceOrientationLandscapeLeft UIInterfaceOrientationLandscapeRight";
				LD_RUNPATH_SEARCH_PATHS = (
					"$(inherited)",
					"@executable_path/Frameworks",
				);
				MARKETING_VERSION = 1.0;
				PRODUCT_BUNDLE_IDENTIFIER = com.AJS.PrashantAdvait;
				PRODUCT_NAME = "$(TARGET_NAME)";
				SWIFT_EMIT_LOC_STRINGS = YES;
				SWIFT_VERSION = 5.0;
				TARGETED_DEVICE_FAMILY = "1,2";
			};
			name = Debug;
		};
		8DDFFAB72BCD36A60065BD96 /* Release */ = {
			isa = XCBuildConfiguration;
			buildSettings = {
				ASSETCATALOG_COMPILER_APPICON_NAME = AppIcon;
				ASSETCATALOG_COMPILER_GLOBAL_ACCENT_COLOR_NAME = AccentColor;
				CODE_SIGN_STYLE = Automatic;
				CURRENT_PROJECT_VERSION = 1;
				DEVELOPMENT_ASSET_PATHS = "\"PrashantAdvait/Preview Content\"";
				DEVELOPMENT_TEAM = R6G7L23BRG;
				ENABLE_PREVIEWS = YES;
				GENERATE_INFOPLIST_FILE = YES;
				INFOPLIST_KEY_UIApplicationSceneManifest_Generation = YES;
				INFOPLIST_KEY_UIApplicationSupportsIndirectInputEvents = YES;
				INFOPLIST_KEY_UILaunchScreen_Generation = YES;
				INFOPLIST_KEY_UISupportedInterfaceOrientations_iPad = "UIInterfaceOrientationPortrait UIInterfaceOrientationPortraitUpsideDown UIInterfaceOrientationLandscapeLeft UIInterfaceOrientationLandscapeRight";
				INFOPLIST_KEY_UISupportedInterfaceOrientations_iPhone = "UIInterfaceOrientationPortrait UIInterfaceOrientationLandscapeLeft UIInterfaceOrientationLandscapeRight";
				LD_RUNPATH_SEARCH_PATHS = (
					"$(inherited)",
					"@executable_path/Frameworks",
				);
				MARKETING_VERSION = 1.0;
				PRODUCT_BUNDLE_IDENTIFIER = com.AJS.PrashantAdvait;
				PRODUCT_NAME = "$(TARGET_NAME)";
				SWIFT_EMIT_LOC_STRINGS = YES;
				SWIFT_VERSION = 5.0;
				TARGETED_DEVICE_FAMILY = "1,2";
			};
			name = Release;
		};
/* End XCBuildConfiguration section */

/* Begin XCConfigurationList section */
		8DDFFAA22BCD36A40065BD96 /* Build configuration list for PBXProject "PrashantAdvait" */ = {
			isa = XCConfigurationList;
			buildConfigurations = (
				8DDFFAB32BCD36A60065BD96 /* Debug */,
				8DDFFAB42BCD36A60065BD96 /* Release */,
			);
			defaultConfigurationIsVisible = 0;
			defaultConfigurationName = Release;
		};
		8DDFFAB52BCD36A60065BD96 /* Build configuration list for PBXNativeTarget "PrashantAdvait" */ = {
			isa = XCConfigurationList;
			buildConfigurations = (
				8DDFFAB62BCD36A60065BD96 /* Debug */,
				8DDFFAB72BCD36A60065BD96 /* Release */,
			);
			defaultConfigurationIsVisible = 0;
			defaultConfigurationName = Release;
		};
/* End XCConfigurationList section */
	};
	rootObject = 8DDFFA9F2BCD36A40065BD96 /* Project object */;
}
